
Microsoft Visual Studio Solution File, Format Version 12.00
# Visual Studio Version 17
VisualStudioVersion = 17.5.33424.131
MinimumVisualStudioVersion = 10.0.40219.1
Project("{FAE04EC0-301F-11D3-BF4B-00C04F79EFBC}") = "EntityFrameworkDemo", "EntityFrameworkDemo\EntityFrameworkDemo.csproj", "{23AE849C-8631-45E8-964A-FDA756D3200E}"
EndProject
Global
	GlobalSection(SolutionConfigurationPlatforms) = preSolution
		Debug|Any CPU = Debug|Any CPU
		Release|Any CPU = Release|Any CPU
	EndGlobalSection
	GlobalSection(ProjectConfigurationPlatforms) = postSolution
		{23AE849C-8631-45E8-964A-FDA756D3200E}.Debug|Any CPU.ActiveCfg = Debug|Any CPU
		{23AE849C-8631-45E8-964A-FDA756D3200E}.Debug|Any CPU.Build.0 = Debug|Any CPU
		{23AE849C-8631-45E8-964A-FDA756D3200E}.Release|Any CPU.ActiveCfg = Release|Any CPU
		{23AE849C-8631-45E8-964A-FDA756D3200E}.Release|Any CPU.Build.0 = Release|Any CPU
	EndGlobalSection
	GlobalSection(SolutionProperties) = preSolution
		HideSolutionNode = FALSE
	EndGlobalSection
	GlobalSection(ExtensibilityGlobals) = postSolution
		SolutionGuid = {F8619FA3-5885-4F7A-A41B-39588D584258}
	EndGlobalSection
EndGlobal
